
Microsoft Visual Studio Solution File, Format Version 12.00
# Visual Studio Version 17
VisualStudioVersion = 17.9.34723.18
MinimumVisualStudioVersion = 10.0.40219.1
Project("{9A19103F-16F7-4668-BE54-9A1E7A4F7556}") = "Core", "Core\Core.csproj", "{229F50E6-3E0F-451B-94A7-3468E6A58734}"
EndProject
Project("{9A19103F-16F7-4668-BE54-9A1E7A4F7556}") = "Domain", "Domain\Domain.csproj", "{6B0547D5-6DAC-49A1-BE0B-7558247C67E3}"
EndProject
Project("{9A19103F-16F7-4668-BE54-9A1E7A4F7556}") = "DataAccess", "DataAccess\DataAccess.csproj", "{CC254AC4-F39B-488D-9EEE-6A53D4875CA3}"
EndProject
Project("{9A19103F-16F7-4668-BE54-9A1E7A4F7556}") = "Business", "Business\Business.csproj", "{0E992B5D-9A9C-4718-8227-5CBD48DDE41D}"
EndProject
Project("{9A19103F-16F7-4668-BE54-9A1E7A4F7556}") = "WebApi", "WebApi\WebApi.csproj", "{B13AFD44-7446-4732-AA34-FB1E2D411789}"
EndProject
Project("{2150E333-8FDC-42A3-9474-1A3956D46DE8}") = "src", "src", "{68ECAE47-F3A7-45A0-A355-F873CF2D4902}"
EndProject
Project("{2150E333-8FDC-42A3-9474-1A3956D46DE8}") = "test", "test", "{2338018B-681C-489E-BAD8-C580DB133181}"
EndProject
Project("{FAE04EC0-301F-11D3-BF4B-00C04F79EFBC}") = "UI", "UI\UI.csproj", "{5959E02C-721A-4E38-B201-237BB72A4EFF}"
EndProject
Global
	GlobalSection(SolutionConfigurationPlatforms) = preSolution
		Debug|Any CPU = Debug|Any CPU
		Release|Any CPU = Release|Any CPU
	EndGlobalSection
	GlobalSection(ProjectConfigurationPlatforms) = postSolution
		{229F50E6-3E0F-451B-94A7-3468E6A58734}.Debug|Any CPU.ActiveCfg = Debug|Any CPU
		{229F50E6-3E0F-451B-94A7-3468E6A58734}.Debug|Any CPU.Build.0 = Debug|Any CPU
		{229F50E6-3E0F-451B-94A7-3468E6A58734}.Release|Any CPU.ActiveCfg = Release|Any CPU
		{229F50E6-3E0F-451B-94A7-3468E6A58734}.Release|Any CPU.Build.0 = Release|Any CPU
		{6B0547D5-6DAC-49A1-BE0B-7558247C67E3}.Debug|Any CPU.ActiveCfg = Debug|Any CPU
		{6B0547D5-6DAC-49A1-BE0B-7558247C67E3}.Debug|Any CPU.Build.0 = Debug|Any CPU
		{6B0547D5-6DAC-49A1-BE0B-7558247C67E3}.Release|Any CPU.ActiveCfg = Release|Any CPU
		{6B0547D5-6DAC-49A1-BE0B-7558247C67E3}.Release|Any CPU.Build.0 = Release|Any CPU
		{CC254AC4-F39B-488D-9EEE-6A53D4875CA3}.Debug|Any CPU.ActiveCfg = Debug|Any CPU
		{CC254AC4-F39B-488D-9EEE-6A53D4875CA3}.Debug|Any CPU.Build.0 = Debug|Any CPU
		{CC254AC4-F39B-488D-9EEE-6A53D4875CA3}.Release|Any CPU.ActiveCfg = Release|Any CPU
		{CC254AC4-F39B-488D-9EEE-6A53D4875CA3}.Release|Any CPU.Build.0 = Release|Any CPU
		{0E992B5D-9A9C-4718-8227-5CBD48DDE41D}.Debug|Any CPU.ActiveCfg = Debug|Any CPU
		{0E992B5D-9A9C-4718-8227-5CBD48DDE41D}.Debug|Any CPU.Build.0 = Debug|Any CPU
		{0E992B5D-9A9C-4718-8227-5CBD48DDE41D}.Release|Any CPU.ActiveCfg = Release|Any CPU
		{0E992B5D-9A9C-4718-8227-5CBD48DDE41D}.Release|Any CPU.Build.0 = Release|Any CPU
		{B13AFD44-7446-4732-AA34-FB1E2D411789}.Debug|Any CPU.ActiveCfg = Debug|Any CPU
		{B13AFD44-7446-4732-AA34-FB1E2D411789}.Debug|Any CPU.Build.0 = Debug|Any CPU
		{B13AFD44-7446-4732-AA34-FB1E2D411789}.Release|Any CPU.ActiveCfg = Release|Any CPU
		{B13AFD44-7446-4732-AA34-FB1E2D411789}.Release|Any CPU.Build.0 = Release|Any CPU
		{5959E02C-721A-4E38-B201-237BB72A4EFF}.Debug|Any CPU.ActiveCfg = Debug|Any CPU
		{5959E02C-721A-4E38-B201-237BB72A4EFF}.Debug|Any CPU.Build.0 = Debug|Any CPU
		{5959E02C-721A-4E38-B201-237BB72A4EFF}.Release|Any CPU.ActiveCfg = Release|Any CPU
		{5959E02C-721A-4E38-B201-237BB72A4EFF}.Release|Any CPU.Build.0 = Release|Any CPU
	EndGlobalSection
	GlobalSection(SolutionProperties) = preSolution
		HideSolutionNode = FALSE
	EndGlobalSection
	GlobalSection(NestedProjects) = preSolution
		{229F50E6-3E0F-451B-94A7-3468E6A58734} = {68ECAE47-F3A7-45A0-A355-F873CF2D4902}
		{6B0547D5-6DAC-49A1-BE0B-7558247C67E3} = {68ECAE47-F3A7-45A0-A355-F873CF2D4902}
		{CC254AC4-F39B-488D-9EEE-6A53D4875CA3} = {68ECAE47-F3A7-45A0-A355-F873CF2D4902}
		{0E992B5D-9A9C-4718-8227-5CBD48DDE41D} = {68ECAE47-F3A7-45A0-A355-F873CF2D4902}
		{B13AFD44-7446-4732-AA34-FB1E2D411789} = {68ECAE47-F3A7-45A0-A355-F873CF2D4902}
		{5959E02C-721A-4E38-B201-237BB72A4EFF} = {68ECAE47-F3A7-45A0-A355-F873CF2D4902}
	EndGlobalSection
	GlobalSection(ExtensibilityGlobals) = postSolution
		SolutionGuid = {96135EF6-ACF0-4A31-AA14-2ABA423CF472}
	EndGlobalSection
EndGlobal
